
Microsoft Visual Studio Solution File, Format Version 12.00
# Visual Studio Version 17
VisualStudioVersion = 17.0.31919.166
MinimumVisualStudioVersion = 10.0.40219.1
Project("{9A19103F-16F7-4668-BE54-9A1E7A4F7556}") = "ECB.API.Tests", "ECB.API.Tests\ECB.API.Tests.csproj", "{918D7F10-A9AA-4F2E-9610-8D49D2305D7B}"
EndProject
Project("{9A19103F-16F7-4668-BE54-9A1E7A4F7556}") = "ECB.Api", "ECB.API\ECB.Api.csproj", "{89C078EC-0A86-4213-82E4-AB04C427EE7E}"
EndProject
Project("{9A19103F-16F7-4668-BE54-9A1E7A4F7556}") = "ECB.Infrastructure.Gateway.Services", "ECB.Gateway.Service\ECB.Infrastructure.Gateway.Services.csproj", "{EC6E2CB4-5330-4210-AF9B-41CE6688A217}"
EndProject
Project("{9A19103F-16F7-4668-BE54-9A1E7A4F7556}") = "ECB.Infrastucture.Gateway", "ECB.Gateway\ECB.Infrastucture.Gateway.csproj", "{998D6DCB-65C8-465D-9883-8DD07FF3EF23}"
EndProject
Project("{9A19103F-16F7-4668-BE54-9A1E7A4F7556}") = "ECB.GatewayService.Tests", "ECB.GatewayService.Tests\ECB.GatewayService.Tests.csproj", "{4C761DAC-77E4-430B-866D-48AD8B9C9CCF}"
EndProject
Project("{2150E333-8FDC-42A3-9474-1A3956D46DE8}") = "src", "src", "{AA5546CA-E9D4-4B4A-82B0-133BC6D6835E}"
EndProject
Project("{2150E333-8FDC-42A3-9474-1A3956D46DE8}") = "test", "test", "{CEB0BEA1-589B-45C1-8593-39A9439FD88B}"
EndProject
Project("{2150E333-8FDC-42A3-9474-1A3956D46DE8}") = "Api", "Api", "{FD6AEBAE-89E0-4AE0-A557-798C28D81157}"
EndProject
Project("{2150E333-8FDC-42A3-9474-1A3956D46DE8}") = "Core", "Core", "{2E968DE6-894C-4213-8535-94C70B27B37E}"
EndProject
Project("{2150E333-8FDC-42A3-9474-1A3956D46DE8}") = "Infrastructure", "Infrastructure", "{5697350A-0C7D-46B1-97B0-4A421CAE2D78}"
EndProject
Project("{2150E333-8FDC-42A3-9474-1A3956D46DE8}") = "UI", "UI", "{9F81A0A1-4C9F-4BF3-9B5B-08B27EC29351}"
EndProject
Project("{9A19103F-16F7-4668-BE54-9A1E7A4F7556}") = "ECB.Application", "ECB.Application\ECB.Application.csproj", "{92156F64-7083-4E9A-8269-DB71763C6720}"
EndProject
Project("{9A19103F-16F7-4668-BE54-9A1E7A4F7556}") = "ECB.Domain", "ECB.Core\ECB.Domain.csproj", "{BA6B00D2-2B64-4DEA-8747-404B7563EA00}"
EndProject
Project("{9A19103F-16F7-4668-BE54-9A1E7A4F7556}") = "ECB.Persistence", "ECB.Persistence\ECB.Persistence.csproj", "{ED7ED4EF-484C-49AD-BB9A-F4587FB79310}"
EndProject
Global
	GlobalSection(SolutionConfigurationPlatforms) = preSolution
		Debug|Any CPU = Debug|Any CPU
		Release|Any CPU = Release|Any CPU
	EndGlobalSection
	GlobalSection(ProjectConfigurationPlatforms) = postSolution
		{918D7F10-A9AA-4F2E-9610-8D49D2305D7B}.Debug|Any CPU.ActiveCfg = Debug|Any CPU
		{918D7F10-A9AA-4F2E-9610-8D49D2305D7B}.Debug|Any CPU.Build.0 = Debug|Any CPU
		{918D7F10-A9AA-4F2E-9610-8D49D2305D7B}.Release|Any CPU.ActiveCfg = Release|Any CPU
		{918D7F10-A9AA-4F2E-9610-8D49D2305D7B}.Release|Any CPU.Build.0 = Release|Any CPU
		{89C078EC-0A86-4213-82E4-AB04C427EE7E}.Debug|Any CPU.ActiveCfg = Debug|Any CPU
		{89C078EC-0A86-4213-82E4-AB04C427EE7E}.Debug|Any CPU.Build.0 = Debug|Any CPU
		{89C078EC-0A86-4213-82E4-AB04C427EE7E}.Release|Any CPU.ActiveCfg = Release|Any CPU
		{89C078EC-0A86-4213-82E4-AB04C427EE7E}.Release|Any CPU.Build.0 = Release|Any CPU
		{EC6E2CB4-5330-4210-AF9B-41CE6688A217}.Debug|Any CPU.ActiveCfg = Debug|Any CPU
		{EC6E2CB4-5330-4210-AF9B-41CE6688A217}.Debug|Any CPU.Build.0 = Debug|Any CPU
		{EC6E2CB4-5330-4210-AF9B-41CE6688A217}.Release|Any CPU.ActiveCfg = Release|Any CPU
		{EC6E2CB4-5330-4210-AF9B-41CE6688A217}.Release|Any CPU.Build.0 = Release|Any CPU
		{998D6DCB-65C8-465D-9883-8DD07FF3EF23}.Debug|Any CPU.ActiveCfg = Debug|Any CPU
		{998D6DCB-65C8-465D-9883-8DD07FF3EF23}.Debug|Any CPU.Build.0 = Debug|Any CPU
		{998D6DCB-65C8-465D-9883-8DD07FF3EF23}.Release|Any CPU.ActiveCfg = Release|Any CPU
		{998D6DCB-65C8-465D-9883-8DD07FF3EF23}.Release|Any CPU.Build.0 = Release|Any CPU
		{4C761DAC-77E4-430B-866D-48AD8B9C9CCF}.Debug|Any CPU.ActiveCfg = Debug|Any CPU
		{4C761DAC-77E4-430B-866D-48AD8B9C9CCF}.Debug|Any CPU.Build.0 = Debug|Any CPU
		{4C761DAC-77E4-430B-866D-48AD8B9C9CCF}.Release|Any CPU.ActiveCfg = Release|Any CPU
		{4C761DAC-77E4-430B-866D-48AD8B9C9CCF}.Release|Any CPU.Build.0 = Release|Any CPU
		{92156F64-7083-4E9A-8269-DB71763C6720}.Debug|Any CPU.ActiveCfg = Debug|Any CPU
		{92156F64-7083-4E9A-8269-DB71763C6720}.Debug|Any CPU.Build.0 = Debug|Any CPU
		{92156F64-7083-4E9A-8269-DB71763C6720}.Release|Any CPU.ActiveCfg = Release|Any CPU
		{92156F64-7083-4E9A-8269-DB71763C6720}.Release|Any CPU.Build.0 = Release|Any CPU
		{BA6B00D2-2B64-4DEA-8747-404B7563EA00}.Debug|Any CPU.ActiveCfg = Debug|Any CPU
		{BA6B00D2-2B64-4DEA-8747-404B7563EA00}.Debug|Any CPU.Build.0 = Debug|Any CPU
		{BA6B00D2-2B64-4DEA-8747-404B7563EA00}.Release|Any CPU.ActiveCfg = Release|Any CPU
		{BA6B00D2-2B64-4DEA-8747-404B7563EA00}.Release|Any CPU.Build.0 = Release|Any CPU
		{ED7ED4EF-484C-49AD-BB9A-F4587FB79310}.Debug|Any CPU.ActiveCfg = Debug|Any CPU
		{ED7ED4EF-484C-49AD-BB9A-F4587FB79310}.Debug|Any CPU.Build.0 = Debug|Any CPU
		{ED7ED4EF-484C-49AD-BB9A-F4587FB79310}.Release|Any CPU.ActiveCfg = Release|Any CPU
		{ED7ED4EF-484C-49AD-BB9A-F4587FB79310}.Release|Any CPU.Build.0 = Release|Any CPU
	EndGlobalSection
	GlobalSection(SolutionProperties) = preSolution
		HideSolutionNode = FALSE
	EndGlobalSection
	GlobalSection(NestedProjects) = preSolution
		{918D7F10-A9AA-4F2E-9610-8D49D2305D7B} = {CEB0BEA1-589B-45C1-8593-39A9439FD88B}
		{89C078EC-0A86-4213-82E4-AB04C427EE7E} = {FD6AEBAE-89E0-4AE0-A557-798C28D81157}
		{EC6E2CB4-5330-4210-AF9B-41CE6688A217} = {5697350A-0C7D-46B1-97B0-4A421CAE2D78}
		{998D6DCB-65C8-465D-9883-8DD07FF3EF23} = {5697350A-0C7D-46B1-97B0-4A421CAE2D78}
		{4C761DAC-77E4-430B-866D-48AD8B9C9CCF} = {CEB0BEA1-589B-45C1-8593-39A9439FD88B}
		{FD6AEBAE-89E0-4AE0-A557-798C28D81157} = {AA5546CA-E9D4-4B4A-82B0-133BC6D6835E}
		{2E968DE6-894C-4213-8535-94C70B27B37E} = {AA5546CA-E9D4-4B4A-82B0-133BC6D6835E}
		{5697350A-0C7D-46B1-97B0-4A421CAE2D78} = {AA5546CA-E9D4-4B4A-82B0-133BC6D6835E}
		{9F81A0A1-4C9F-4BF3-9B5B-08B27EC29351} = {AA5546CA-E9D4-4B4A-82B0-133BC6D6835E}
		{92156F64-7083-4E9A-8269-DB71763C6720} = {2E968DE6-894C-4213-8535-94C70B27B37E}
		{BA6B00D2-2B64-4DEA-8747-404B7563EA00} = {2E968DE6-894C-4213-8535-94C70B27B37E}
		{ED7ED4EF-484C-49AD-BB9A-F4587FB79310} = {5697350A-0C7D-46B1-97B0-4A421CAE2D78}
	EndGlobalSection
	GlobalSection(ExtensibilityGlobals) = postSolution
		SolutionGuid = {8246798E-74EA-4D7A-9E06-5B8930FFBD43}
	EndGlobalSection
EndGlobal
